# This file is automatically @generated by Cargo.
# It is not intended for manual editing.
version = 3

[[package]]
name = "base64"
version = "0.13.0"
source = "registry+https://github.com/rust-lang/crates.io-index"
checksum = "904dfeac50f3cdaba28fc6f57fdcddb75f49ed61346676a78c4ffe55877802fd"

[[package]]
name = "generalizability"
version = "0.1.0"
dependencies = [
 "lazy_static",
 "paste",
 "protobuf",
]

[[package]]
name = "lazy_static"
version = "1.4.0"
source = "registry+https://github.com/rust-lang/crates.io-index"
checksum = "e2abad23fbc42b3700f2f279844dc832adb2b2eb069b2df918f455c4e18cc646"

[[package]]
name = "paste"
version = "1.0.6"
source = "registry+https://github.com/rust-lang/crates.io-index"
checksum = "0744126afe1a6dd7f394cb50a716dbe086cb06e255e53d8d0185d82828358fb5"

[[package]]
name = "protobuf"
version = "2.25.2"
source = "registry+https://github.com/rust-lang/crates.io-index"
checksum = "47c327e191621a2158159df97cdbc2e7074bb4e940275e35abf38eb3d2595754"

[[package]]
name = "runner"
version = "0.1.0"
dependencies = [
 "base64",
 "generalizability",
 "protobuf",
]
